{
  "name": "megumin-suite-lumiverse",
  "version": "0.1.0",
  "lockfileVersion": 3,
  "requires": true,
  "packages": {
    "": {
      "name": "megumin-suite-lumiverse",
      "version": "0.1.0",
      "devDependencies": {
        "lumiverse-spindle-types": "latest",
        "typescript": "^5.6.0"
      }
    },
    "node_modules/lumiverse-spindle-types": {
      "version": "0.6.14",
      "resolved": "https://registry.npmjs.org/lumiverse-spindle-types/-/lumiverse-spindle-types-0.6.14.tgz",
      "integrity": "sha512-+gCD1QTdZl+nYzvqZIw1vfoouh0KDImv4nd4h5as0XSaTxx+FpCkqAhqA6+q05PIOjMGzcjKyJ9sbi7VwaPY9Q==",
      "dev": true,
      "license": "SEE LICENSE IN LICENSE.md"
    },
    "node_modules/typescript": {
      "version": "5.9.3",
      "resolved": "https://registry.npmjs.org/typescript/-/typescript-5.9.3.tgz",
      "integrity": "sha512-jl1vZzPDinLr9eUt3J/t7V6FgNEw9QjvBPdysz9KfQDD41fQrC2Y4vKQdiaUpFT4bXlb1RHhLpp8wtm6M5TgSw==",
      "dev": true,
      "license": "Apache-2.0",
      "bin": {
        "tsc": "bin/tsc",
        "tsserver": "bin/tsserver"
      },
      "engines": {
        "node": ">=14.17"
      }
    }
  }
}
